
Microsoft Visual Studio Solution File, Format Version 12.00
# Visual Studio Version 16
VisualStudioVersion = 16.0.29318.209
MinimumVisualStudioVersion = 10.0.40219.1
Project("{FAE04EC0-301F-11D3-BF4B-00C04F79EFBC}") = "SlowaObiekty1", "SlowaObiekty1\SlowaObiekty1.csproj", "{1E55B1E3-1E5D-424F-AAF2-25BCD2EBD24D}"
EndProject
Project("{FAE04EC0-301F-11D3-BF4B-00C04F79EFBC}") = "SlowaObiektyApp", "SlowaObiektyApp\SlowaObiektyApp.csproj", "{56762EC8-39F1-49AE-B3BD-E4612A6E664A}"
EndProject
Project("{FAE04EC0-301F-11D3-BF4B-00C04F79EFBC}") = "SlowaObiekty1Tests", "SlowaObiekty1Tests\SlowaObiekty1Tests.csproj", "{5A5FCBEC-B8E1-40AE-8577-3DA3AE65FB68}"
EndProject
Global
	GlobalSection(SolutionConfigurationPlatforms) = preSolution
		Debug|Any CPU = Debug|Any CPU
		Release|Any CPU = Release|Any CPU
	EndGlobalSection
	GlobalSection(ProjectConfigurationPlatforms) = postSolution
		{1E55B1E3-1E5D-424F-AAF2-25BCD2EBD24D}.Debug|Any CPU.ActiveCfg = Debug|Any CPU
		{1E55B1E3-1E5D-424F-AAF2-25BCD2EBD24D}.Debug|Any CPU.Build.0 = Debug|Any CPU
		{1E55B1E3-1E5D-424F-AAF2-25BCD2EBD24D}.Release|Any CPU.ActiveCfg = Release|Any CPU
		{1E55B1E3-1E5D-424F-AAF2-25BCD2EBD24D}.Release|Any CPU.Build.0 = Release|Any CPU
		{56762EC8-39F1-49AE-B3BD-E4612A6E664A}.Debug|Any CPU.ActiveCfg = Debug|Any CPU
		{56762EC8-39F1-49AE-B3BD-E4612A6E664A}.Debug|Any CPU.Build.0 = Debug|Any CPU
		{56762EC8-39F1-49AE-B3BD-E4612A6E664A}.Release|Any CPU.ActiveCfg = Release|Any CPU
		{56762EC8-39F1-49AE-B3BD-E4612A6E664A}.Release|Any CPU.Build.0 = Release|Any CPU
		{5A5FCBEC-B8E1-40AE-8577-3DA3AE65FB68}.Debug|Any CPU.ActiveCfg = Debug|Any CPU
		{5A5FCBEC-B8E1-40AE-8577-3DA3AE65FB68}.Debug|Any CPU.Build.0 = Debug|Any CPU
		{5A5FCBEC-B8E1-40AE-8577-3DA3AE65FB68}.Release|Any CPU.ActiveCfg = Release|Any CPU
		{5A5FCBEC-B8E1-40AE-8577-3DA3AE65FB68}.Release|Any CPU.Build.0 = Release|Any CPU
	EndGlobalSection
	GlobalSection(SolutionProperties) = preSolution
		HideSolutionNode = FALSE
	EndGlobalSection
	GlobalSection(ExtensibilityGlobals) = postSolution
		SolutionGuid = {87BAF17D-DF44-428B-AC6F-B4E8EF66D7FE}
	EndGlobalSection
EndGlobal
